
Microsoft Visual Studio Solution File, Format Version 12.00
# Visual Studio Version 16
VisualStudioVersion = 16.0.33927.289
MinimumVisualStudioVersion = 10.0.40219.1
Project("{2150E333-8FDC-42A3-9474-1A3956D46DE8}") = "Task0", "Task0", "{BCE4DB72-80A6-46C7-A449-823A97B74E06}"
EndProject
Project("{FAE04EC0-301F-11D3-BF4B-00C04F79EFBC}") = "Tyuiu.VarovaAA.Sprint6.Task0.V26.Test", "Tyuiu.VarovaAA.Sprint6.Task0.V26.Test\Tyuiu.VarovaAA.Sprint6.Task0.V26.Test.csproj", "{BF98806B-5960-46C5-A9F5-03C28662683B}"
EndProject
Project("{FAE04EC0-301F-11D3-BF4B-00C04F79EFBC}") = "Tyuiu.VarovaAA.Sprint6.Task0.V26.Lib", "Tyuiu.VarovaAA.Sprint6.Task0.V26.Lib\Tyuiu.VarovaAA.Sprint6.Task0.V26.Lib.csproj", "{C9B012ED-261E-47F3-8FEE-99671CD936C0}"
EndProject
Project("{FAE04EC0-301F-11D3-BF4B-00C04F79EFBC}") = "Tyuiu.VarovaAA.Sprint6.Task0.V26", "Tyuiu.VarovaAA.Sprint6.Task0.V26\Tyuiu.VarovaAA.Sprint6.Task0.V26.csproj", "{C1F5328F-856A-4372-B1FD-598FEE6190D5}"
EndProject
Project("{2150E333-8FDC-42A3-9474-1A3956D46DE8}") = "Task1", "Task1", "{76538F28-26C8-4810-A78E-8F45F2CA4F07}"
EndProject
Project("{FAE04EC0-301F-11D3-BF4B-00C04F79EFBC}") = "Tyuiu.VarovaAA.Sprint6.Task1.V24", "Tyuiu.VarovaAA.Sprint6.Task1.V24\Tyuiu.VarovaAA.Sprint6.Task1.V24.csproj", "{AB67BB07-563C-404B-BE1C-938D31B63236}"
EndProject
Project("{FAE04EC0-301F-11D3-BF4B-00C04F79EFBC}") = "Tyuiu.VarovaAA.Sprint6.Task1.V24.Lib", "Tyuiu.VarovaAA.Sprint6.Task1.V24.Lib\Tyuiu.VarovaAA.Sprint6.Task1.V24.Lib.csproj", "{2E96EE0F-A509-4F61-A872-CD8F4650793A}"
EndProject
Project("{FAE04EC0-301F-11D3-BF4B-00C04F79EFBC}") = "Tyuiu.VarovaAA.Sprint6.Task1.V24.Test", "Tyuiu.VarovaAA.Sprint6.Task1.V24.Test\Tyuiu.VarovaAA.Sprint6.Task1.V24.Test.csproj", "{3DD4346D-0F0F-42D1-ACE7-91F59191844E}"
EndProject
Global
	GlobalSection(SolutionConfigurationPlatforms) = preSolution
		Debug|Any CPU = Debug|Any CPU
		Release|Any CPU = Release|Any CPU
	EndGlobalSection
	GlobalSection(ProjectConfigurationPlatforms) = postSolution
		{BF98806B-5960-46C5-A9F5-03C28662683B}.Debug|Any CPU.ActiveCfg = Debug|Any CPU
		{BF98806B-5960-46C5-A9F5-03C28662683B}.Debug|Any CPU.Build.0 = Debug|Any CPU
		{BF98806B-5960-46C5-A9F5-03C28662683B}.Release|Any CPU.ActiveCfg = Release|Any CPU
		{BF98806B-5960-46C5-A9F5-03C28662683B}.Release|Any CPU.Build.0 = Release|Any CPU
		{C9B012ED-261E-47F3-8FEE-99671CD936C0}.Debug|Any CPU.ActiveCfg = Debug|Any CPU
		{C9B012ED-261E-47F3-8FEE-99671CD936C0}.Debug|Any CPU.Build.0 = Debug|Any CPU
		{C9B012ED-261E-47F3-8FEE-99671CD936C0}.Release|Any CPU.ActiveCfg = Release|Any CPU
		{C9B012ED-261E-47F3-8FEE-99671CD936C0}.Release|Any CPU.Build.0 = Release|Any CPU
		{C1F5328F-856A-4372-B1FD-598FEE6190D5}.Debug|Any CPU.ActiveCfg = Debug|Any CPU
		{C1F5328F-856A-4372-B1FD-598FEE6190D5}.Debug|Any CPU.Build.0 = Debug|Any CPU
		{C1F5328F-856A-4372-B1FD-598FEE6190D5}.Release|Any CPU.ActiveCfg = Release|Any CPU
		{C1F5328F-856A-4372-B1FD-598FEE6190D5}.Release|Any CPU.Build.0 = Release|Any CPU
		{AB67BB07-563C-404B-BE1C-938D31B63236}.Debug|Any CPU.ActiveCfg = Debug|Any CPU
		{AB67BB07-563C-404B-BE1C-938D31B63236}.Debug|Any CPU.Build.0 = Debug|Any CPU
		{AB67BB07-563C-404B-BE1C-938D31B63236}.Release|Any CPU.ActiveCfg = Release|Any CPU
		{AB67BB07-563C-404B-BE1C-938D31B63236}.Release|Any CPU.Build.0 = Release|Any CPU
		{2E96EE0F-A509-4F61-A872-CD8F4650793A}.Debug|Any CPU.ActiveCfg = Debug|Any CPU
		{2E96EE0F-A509-4F61-A872-CD8F4650793A}.Debug|Any CPU.Build.0 = Debug|Any CPU
		{2E96EE0F-A509-4F61-A872-CD8F4650793A}.Release|Any CPU.ActiveCfg = Release|Any CPU
		{2E96EE0F-A509-4F61-A872-CD8F4650793A}.Release|Any CPU.Build.0 = Release|Any CPU
		{3DD4346D-0F0F-42D1-ACE7-91F59191844E}.Debug|Any CPU.ActiveCfg = Debug|Any CPU
		{3DD4346D-0F0F-42D1-ACE7-91F59191844E}.Debug|Any CPU.Build.0 = Debug|Any CPU
		{3DD4346D-0F0F-42D1-ACE7-91F59191844E}.Release|Any CPU.ActiveCfg = Release|Any CPU
		{3DD4346D-0F0F-42D1-ACE7-91F59191844E}.Release|Any CPU.Build.0 = Release|Any CPU
	EndGlobalSection
	GlobalSection(SolutionProperties) = preSolution
		HideSolutionNode = FALSE
	EndGlobalSection
	GlobalSection(NestedProjects) = preSolution
		{BF98806B-5960-46C5-A9F5-03C28662683B} = {BCE4DB72-80A6-46C7-A449-823A97B74E06}
		{C9B012ED-261E-47F3-8FEE-99671CD936C0} = {BCE4DB72-80A6-46C7-A449-823A97B74E06}
		{C1F5328F-856A-4372-B1FD-598FEE6190D5} = {BCE4DB72-80A6-46C7-A449-823A97B74E06}
		{AB67BB07-563C-404B-BE1C-938D31B63236} = {76538F28-26C8-4810-A78E-8F45F2CA4F07}
		{2E96EE0F-A509-4F61-A872-CD8F4650793A} = {76538F28-26C8-4810-A78E-8F45F2CA4F07}
		{3DD4346D-0F0F-42D1-ACE7-91F59191844E} = {76538F28-26C8-4810-A78E-8F45F2CA4F07}
	EndGlobalSection
	GlobalSection(ExtensibilityGlobals) = postSolution
		SolutionGuid = {CE2B5918-E967-4834-9F0E-3338FBC6E0A1}
	EndGlobalSection
EndGlobal
