
Microsoft Visual Studio Solution File, Format Version 12.00
# Visual Studio Version 16
VisualStudioVersion = 16.0.33927.289
MinimumVisualStudioVersion = 10.0.40219.1
Project("{2150E333-8FDC-42A3-9474-1A3956D46DE8}") = "Task0", "Task0", "{BCE4DB72-80A6-46C7-A449-823A97B74E06}"
EndProject
Project("{FAE04EC0-301F-11D3-BF4B-00C04F79EFBC}") = "Tyuiu.VarovaAA.Sprint6.Task0.V26.Test", "Tyuiu.VarovaAA.Sprint6.Task0.V26.Test\Tyuiu.VarovaAA.Sprint6.Task0.V26.Test.csproj", "{BF98806B-5960-46C5-A9F5-03C28662683B}"
EndProject
Project("{FAE04EC0-301F-11D3-BF4B-00C04F79EFBC}") = "Tyuiu.VarovaAA.Sprint6.Task0.V26.Lib", "Tyuiu.VarovaAA.Sprint6.Task0.V26.Lib\Tyuiu.VarovaAA.Sprint6.Task0.V26.Lib.csproj", "{C9B012ED-261E-47F3-8FEE-99671CD936C0}"
EndProject
Project("{FAE04EC0-301F-11D3-BF4B-00C04F79EFBC}") = "Tyuiu.VarovaAA.Sprint6.Task0.V26", "Tyuiu.VarovaAA.Sprint6.Task0.V26\Tyuiu.VarovaAA.Sprint6.Task0.V26.csproj", "{C1F5328F-856A-4372-B1FD-598FEE6190D5}"
EndProject
Project("{2150E333-8FDC-42A3-9474-1A3956D46DE8}") = "Task1", "Task1", "{76538F28-26C8-4810-A78E-8F45F2CA4F07}"
EndProject
Project("{FAE04EC0-301F-11D3-BF4B-00C04F79EFBC}") = "Tyuiu.VarovaAA.Sprint6.Task1.V24", "Tyuiu.VarovaAA.Sprint6.Task1.V24\Tyuiu.VarovaAA.Sprint6.Task1.V24.csproj", "{AB67BB07-563C-404B-BE1C-938D31B63236}"
EndProject
Project("{FAE04EC0-301F-11D3-BF4B-00C04F79EFBC}") = "Tyuiu.VarovaAA.Sprint6.Task1.V24.Lib", "Tyuiu.VarovaAA.Sprint6.Task1.V24.Lib\Tyuiu.VarovaAA.Sprint6.Task1.V24.Lib.csproj", "{2E96EE0F-A509-4F61-A872-CD8F4650793A}"
EndProject
Project("{FAE04EC0-301F-11D3-BF4B-00C04F79EFBC}") = "Tyuiu.VarovaAA.Sprint6.Task1.V24.Test", "Tyuiu.VarovaAA.Sprint6.Task1.V24.Test\Tyuiu.VarovaAA.Sprint6.Task1.V24.Test.csproj", "{3DD4346D-0F0F-42D1-ACE7-91F59191844E}"
EndProject
Project("{2150E333-8FDC-42A3-9474-1A3956D46DE8}") = "Task2", "Task2", "{7A43432F-169B-4931-8B78-11C9CB5D621C}"
EndProject
Project("{FAE04EC0-301F-11D3-BF4B-00C04F79EFBC}") = "Tyuiu.VarovaAA.Sprint6.Task2.V19", "Tyuiu.VarovaAA.Sprint6.Task2.V19\Tyuiu.VarovaAA.Sprint6.Task2.V19.csproj", "{DC73389C-9A3C-4CAC-875B-08AAB85BCB73}"
EndProject
Project("{FAE04EC0-301F-11D3-BF4B-00C04F79EFBC}") = "Tyuiu.VarovaAA.Sprint6.Task2.V19.Lib", "Tyuiu.VarovaAA.Sprint6.Task2.V19.Lib\Tyuiu.VarovaAA.Sprint6.Task2.V19.Lib.csproj", "{09C61C62-12FC-4DF8-AEF7-B510B653B7E2}"
EndProject
Project("{FAE04EC0-301F-11D3-BF4B-00C04F79EFBC}") = "Tyuiu.VarovaAA.Sprint6.Task2.V19.Test", "Tyuiu.VarovaAA.Sprint6.Task2.V19.Test\Tyuiu.VarovaAA.Sprint6.Task2.V19.Test.csproj", "{2E122A46-1F2F-4FA7-B116-C996765140AC}"
EndProject
Project("{2150E333-8FDC-42A3-9474-1A3956D46DE8}") = "Task3", "Task3", "{8ABEE6B5-0D29-4E24-9888-D7C8817CD81B}"
EndProject
Project("{FAE04EC0-301F-11D3-BF4B-00C04F79EFBC}") = "Tyuiu.VarovaAA.Sprint6.Task3.V28", "Tyuiu.VarovaAA.Sprint6.Task3.V28\Tyuiu.VarovaAA.Sprint6.Task3.V28.csproj", "{0C026387-39FC-469E-8502-FC984A52501F}"
EndProject
Project("{FAE04EC0-301F-11D3-BF4B-00C04F79EFBC}") = "Tyuiu.VarovaAA.Sprint6.Task3.V28.Lib", "Tyuiu.VarovaAA.Sprint6.Task3.V28.Lib\Tyuiu.VarovaAA.Sprint6.Task3.V28.Lib.csproj", "{3FBB6C92-0089-4FD0-8853-C6CC473BCEC2}"
EndProject
Project("{FAE04EC0-301F-11D3-BF4B-00C04F79EFBC}") = "Tyuiu.VarovaAA.Sprint6.Task3.V28.Test", "Tyuiu.VarovaAA.Sprint6.Task3.V28.Test\Tyuiu.VarovaAA.Sprint6.Task3.V28.Test.csproj", "{1678BE53-8809-485D-B229-8FDC6475690A}"
EndProject
Project("{2150E333-8FDC-42A3-9474-1A3956D46DE8}") = "Task4", "Task4", "{4973D3E8-36B4-4691-BAF3-6DDE16F64D95}"
EndProject
Project("{FAE04EC0-301F-11D3-BF4B-00C04F79EFBC}") = "Tyuiu.VarovaAA.Sprint6.Task4.V18", "Tyuiu.VarovaAA.Sprint6.Task4.V18\Tyuiu.VarovaAA.Sprint6.Task4.V18.csproj", "{8C352958-4D95-421B-A861-48ED849D34D2}"
EndProject
Project("{FAE04EC0-301F-11D3-BF4B-00C04F79EFBC}") = "Tyuiu.VarovaAA.Sprint6.Task4.V18.Lib", "Tyuiu.VarovaAA.Sprint6.Task4.V18.Lib\Tyuiu.VarovaAA.Sprint6.Task4.V18.Lib.csproj", "{7A131B7F-13F7-4B7B-A678-329C72CECADB}"
EndProject
Project("{FAE04EC0-301F-11D3-BF4B-00C04F79EFBC}") = "Tyuiu.VarovaAA.Sprint6.Task4.V18.Test", "Tyuiu.VarovaAA.Sprint6.Task4.V18.Test\Tyuiu.VarovaAA.Sprint6.Task4.V18.Test.csproj", "{FEE3FB8D-CD80-4146-B8D9-BC22565AAB88}"
EndProject
Project("{2150E333-8FDC-42A3-9474-1A3956D46DE8}") = "Task5", "Task5", "{EC12EBDB-4FC2-4661-8E90-9779C2429BC5}"
EndProject
Project("{FAE04EC0-301F-11D3-BF4B-00C04F79EFBC}") = "Tyuiu.VarovaAA.Sprint6.Task5.V6", "Tyuiu.VarovaAA.Sprint6.Task5.V6\Tyuiu.VarovaAA.Sprint6.Task5.V6.csproj", "{7CB1ACCE-9199-43E9-B3C5-477A4CD06CAE}"
EndProject
Project("{FAE04EC0-301F-11D3-BF4B-00C04F79EFBC}") = "Tyuiu.VarovaAA.Sprint6.Task5.V6.Lib", "Tyuiu.VarovaAA.Sprint6.Task5.V6.Lib\Tyuiu.VarovaAA.Sprint6.Task5.V6.Lib.csproj", "{45D623E5-D22A-405A-9ED9-31AA7CAED65D}"
EndProject
Project("{FAE04EC0-301F-11D3-BF4B-00C04F79EFBC}") = "Tyuiu.VarovaAA.Sprint6.Task5.V6.Test", "Tyuiu.VarovaAA.Sprint6.Task5.V6.Test\Tyuiu.VarovaAA.Sprint6.Task5.V6.Test.csproj", "{70B45CDB-FF83-4036-858D-4B19E7C15929}"
EndProject
Project("{2150E333-8FDC-42A3-9474-1A3956D46DE8}") = "Task6", "Task6", "{0BA0ECA7-C0C9-4124-A7F8-3D678F0B01AA}"
EndProject
Project("{FAE04EC0-301F-11D3-BF4B-00C04F79EFBC}") = "Tyuiu.VarovaAA.Sprint6.Task6.V27", "Tyuiu.VarovaAA.Sprint6.Task6.V27\Tyuiu.VarovaAA.Sprint6.Task6.V27.csproj", "{21282926-E2EB-49D2-9DA7-B85B285E0D8A}"
EndProject
Project("{FAE04EC0-301F-11D3-BF4B-00C04F79EFBC}") = "Tyuiu.VarovaAA.Sprint6.Task6.V27.Lib", "Tyuiu.VarovaAA.Sprint6.Task6.V27.Lib\Tyuiu.VarovaAA.Sprint6.Task6.V27.Lib.csproj", "{CB7E2CC1-4085-4B96-8476-04209325A692}"
EndProject
Project("{FAE04EC0-301F-11D3-BF4B-00C04F79EFBC}") = "Tyuiu.VarovaAA.Sprint6.Task6.V27.Test", "Tyuiu.VarovaAA.Sprint6.Task6.V27.Test\Tyuiu.VarovaAA.Sprint6.Task6.V27.Test.csproj", "{A391981F-5724-4A13-ADBF-A58522A8E8D7}"
EndProject
Project("{2150E333-8FDC-42A3-9474-1A3956D46DE8}") = "Task7", "Task7", "{B8759333-1961-40DA-8569-46F3228DF3B1}"
EndProject
Project("{FAE04EC0-301F-11D3-BF4B-00C04F79EFBC}") = "Tyuiu.VarovaAA.Sprint6.Task7.V9", "Tyuiu.VarovaAA.Sprint6.Task7.V9\Tyuiu.VarovaAA.Sprint6.Task7.V9.csproj", "{44CFC7AF-EB18-435C-A594-15AF43362F1F}"
EndProject
Project("{FAE04EC0-301F-11D3-BF4B-00C04F79EFBC}") = "Tyuiu.VarovaAA.Sprint6.Task7.V9.Lib", "Tyuiu.VarovaAA.Sprint6.Task7.V9.Lib\Tyuiu.VarovaAA.Sprint6.Task7.V9.Lib.csproj", "{A31AFBD1-260C-47B2-82B2-A399C1339041}"
EndProject
Project("{FAE04EC0-301F-11D3-BF4B-00C04F79EFBC}") = "Tyuiu.VarovaAA.Sprint6.Task7.V9.Test", "Tyuiu.VarovaAA.Sprint6.Task7.V9.Test\Tyuiu.VarovaAA.Sprint6.Task7.V9.Test.csproj", "{1762F4E1-9DF7-4C59-A3F7-2D2FC3EA638D}"
EndProject
Project("{2150E333-8FDC-42A3-9474-1A3956D46DE8}") = "TaskReview", "TaskReview", "{618AD568-A53A-4BA4-BC7E-5212ABD9D191}"
EndProject
Project("{FAE04EC0-301F-11D3-BF4B-00C04F79EFBC}") = "Tyuiu.VarovaAA.Sprint6.TaskReview.V25", "Tyuiu.VarovaAA.Sprint6.TaskReview.V25\Tyuiu.VarovaAA.Sprint6.TaskReview.V25.csproj", "{65B9C5C0-F9CF-4E3E-B6BF-E9DCA6FA43D8}"
EndProject
Project("{FAE04EC0-301F-11D3-BF4B-00C04F79EFBC}") = "Tyuiu.VarovaAA.Sprint6.TaskReview.V25.Lib", "Tyuiu.VarovaAA.Sprint6.TaskReview.V25.Lib\Tyuiu.VarovaAA.Sprint6.TaskReview.V25.Lib.csproj", "{5B7C6655-8012-4740-9E5A-CA8D14396B36}"
EndProject
Project("{FAE04EC0-301F-11D3-BF4B-00C04F79EFBC}") = "Tyuiu.VarovaAA.Sprint6.TaskReview.V25.Test", "Tyuiu.VarovaAA.Sprint6.TaskReview.V25.Test\Tyuiu.VarovaAA.Sprint6.TaskReview.V25.Test.csproj", "{BC778BFC-9720-4939-86BE-E65EBB761AFB}"
EndProject
Global
	GlobalSection(SolutionConfigurationPlatforms) = preSolution
		Debug|Any CPU = Debug|Any CPU
		Release|Any CPU = Release|Any CPU
	EndGlobalSection
	GlobalSection(ProjectConfigurationPlatforms) = postSolution
		{BF98806B-5960-46C5-A9F5-03C28662683B}.Debug|Any CPU.ActiveCfg = Debug|Any CPU
		{BF98806B-5960-46C5-A9F5-03C28662683B}.Debug|Any CPU.Build.0 = Debug|Any CPU
		{BF98806B-5960-46C5-A9F5-03C28662683B}.Release|Any CPU.ActiveCfg = Release|Any CPU
		{BF98806B-5960-46C5-A9F5-03C28662683B}.Release|Any CPU.Build.0 = Release|Any CPU
		{C9B012ED-261E-47F3-8FEE-99671CD936C0}.Debug|Any CPU.ActiveCfg = Debug|Any CPU
		{C9B012ED-261E-47F3-8FEE-99671CD936C0}.Debug|Any CPU.Build.0 = Debug|Any CPU
		{C9B012ED-261E-47F3-8FEE-99671CD936C0}.Release|Any CPU.ActiveCfg = Release|Any CPU
		{C9B012ED-261E-47F3-8FEE-99671CD936C0}.Release|Any CPU.Build.0 = Release|Any CPU
		{C1F5328F-856A-4372-B1FD-598FEE6190D5}.Debug|Any CPU.ActiveCfg = Debug|Any CPU
		{C1F5328F-856A-4372-B1FD-598FEE6190D5}.Debug|Any CPU.Build.0 = Debug|Any CPU
		{C1F5328F-856A-4372-B1FD-598FEE6190D5}.Release|Any CPU.ActiveCfg = Release|Any CPU
		{C1F5328F-856A-4372-B1FD-598FEE6190D5}.Release|Any CPU.Build.0 = Release|Any CPU
		{AB67BB07-563C-404B-BE1C-938D31B63236}.Debug|Any CPU.ActiveCfg = Debug|Any CPU
		{AB67BB07-563C-404B-BE1C-938D31B63236}.Debug|Any CPU.Build.0 = Debug|Any CPU
		{AB67BB07-563C-404B-BE1C-938D31B63236}.Release|Any CPU.ActiveCfg = Release|Any CPU
		{AB67BB07-563C-404B-BE1C-938D31B63236}.Release|Any CPU.Build.0 = Release|Any CPU
		{2E96EE0F-A509-4F61-A872-CD8F4650793A}.Debug|Any CPU.ActiveCfg = Debug|Any CPU
		{2E96EE0F-A509-4F61-A872-CD8F4650793A}.Debug|Any CPU.Build.0 = Debug|Any CPU
		{2E96EE0F-A509-4F61-A872-CD8F4650793A}.Release|Any CPU.ActiveCfg = Release|Any CPU
		{2E96EE0F-A509-4F61-A872-CD8F4650793A}.Release|Any CPU.Build.0 = Release|Any CPU
		{3DD4346D-0F0F-42D1-ACE7-91F59191844E}.Debug|Any CPU.ActiveCfg = Debug|Any CPU
		{3DD4346D-0F0F-42D1-ACE7-91F59191844E}.Debug|Any CPU.Build.0 = Debug|Any CPU
		{3DD4346D-0F0F-42D1-ACE7-91F59191844E}.Release|Any CPU.ActiveCfg = Release|Any CPU
		{3DD4346D-0F0F-42D1-ACE7-91F59191844E}.Release|Any CPU.Build.0 = Release|Any CPU
		{DC73389C-9A3C-4CAC-875B-08AAB85BCB73}.Debug|Any CPU.ActiveCfg = Debug|Any CPU
		{DC73389C-9A3C-4CAC-875B-08AAB85BCB73}.Debug|Any CPU.Build.0 = Debug|Any CPU
		{DC73389C-9A3C-4CAC-875B-08AAB85BCB73}.Release|Any CPU.ActiveCfg = Release|Any CPU
		{DC73389C-9A3C-4CAC-875B-08AAB85BCB73}.Release|Any CPU.Build.0 = Release|Any CPU
		{09C61C62-12FC-4DF8-AEF7-B510B653B7E2}.Debug|Any CPU.ActiveCfg = Debug|Any CPU
		{09C61C62-12FC-4DF8-AEF7-B510B653B7E2}.Debug|Any CPU.Build.0 = Debug|Any CPU
		{09C61C62-12FC-4DF8-AEF7-B510B653B7E2}.Release|Any CPU.ActiveCfg = Release|Any CPU
		{09C61C62-12FC-4DF8-AEF7-B510B653B7E2}.Release|Any CPU.Build.0 = Release|Any CPU
		{2E122A46-1F2F-4FA7-B116-C996765140AC}.Debug|Any CPU.ActiveCfg = Debug|Any CPU
		{2E122A46-1F2F-4FA7-B116-C996765140AC}.Debug|Any CPU.Build.0 = Debug|Any CPU
		{2E122A46-1F2F-4FA7-B116-C996765140AC}.Release|Any CPU.ActiveCfg = Release|Any CPU
		{2E122A46-1F2F-4FA7-B116-C996765140AC}.Release|Any CPU.Build.0 = Release|Any CPU
		{0C026387-39FC-469E-8502-FC984A52501F}.Debug|Any CPU.ActiveCfg = Debug|Any CPU
		{0C026387-39FC-469E-8502-FC984A52501F}.Debug|Any CPU.Build.0 = Debug|Any CPU
		{0C026387-39FC-469E-8502-FC984A52501F}.Release|Any CPU.ActiveCfg = Release|Any CPU
		{0C026387-39FC-469E-8502-FC984A52501F}.Release|Any CPU.Build.0 = Release|Any CPU
		{3FBB6C92-0089-4FD0-8853-C6CC473BCEC2}.Debug|Any CPU.ActiveCfg = Debug|Any CPU
		{3FBB6C92-0089-4FD0-8853-C6CC473BCEC2}.Debug|Any CPU.Build.0 = Debug|Any CPU
		{3FBB6C92-0089-4FD0-8853-C6CC473BCEC2}.Release|Any CPU.ActiveCfg = Release|Any CPU
		{3FBB6C92-0089-4FD0-8853-C6CC473BCEC2}.Release|Any CPU.Build.0 = Release|Any CPU
		{1678BE53-8809-485D-B229-8FDC6475690A}.Debug|Any CPU.ActiveCfg = Debug|Any CPU
		{1678BE53-8809-485D-B229-8FDC6475690A}.Debug|Any CPU.Build.0 = Debug|Any CPU
		{1678BE53-8809-485D-B229-8FDC6475690A}.Release|Any CPU.ActiveCfg = Release|Any CPU
		{1678BE53-8809-485D-B229-8FDC6475690A}.Release|Any CPU.Build.0 = Release|Any CPU
		{8C352958-4D95-421B-A861-48ED849D34D2}.Debug|Any CPU.ActiveCfg = Debug|Any CPU
		{8C352958-4D95-421B-A861-48ED849D34D2}.Debug|Any CPU.Build.0 = Debug|Any CPU
		{8C352958-4D95-421B-A861-48ED849D34D2}.Release|Any CPU.ActiveCfg = Release|Any CPU
		{8C352958-4D95-421B-A861-48ED849D34D2}.Release|Any CPU.Build.0 = Release|Any CPU
		{7A131B7F-13F7-4B7B-A678-329C72CECADB}.Debug|Any CPU.ActiveCfg = Debug|Any CPU
		{7A131B7F-13F7-4B7B-A678-329C72CECADB}.Debug|Any CPU.Build.0 = Debug|Any CPU
		{7A131B7F-13F7-4B7B-A678-329C72CECADB}.Release|Any CPU.ActiveCfg = Release|Any CPU
		{7A131B7F-13F7-4B7B-A678-329C72CECADB}.Release|Any CPU.Build.0 = Release|Any CPU
		{FEE3FB8D-CD80-4146-B8D9-BC22565AAB88}.Debug|Any CPU.ActiveCfg = Debug|Any CPU
		{FEE3FB8D-CD80-4146-B8D9-BC22565AAB88}.Debug|Any CPU.Build.0 = Debug|Any CPU
		{FEE3FB8D-CD80-4146-B8D9-BC22565AAB88}.Release|Any CPU.ActiveCfg = Release|Any CPU
		{FEE3FB8D-CD80-4146-B8D9-BC22565AAB88}.Release|Any CPU.Build.0 = Release|Any CPU
		{7CB1ACCE-9199-43E9-B3C5-477A4CD06CAE}.Debug|Any CPU.ActiveCfg = Debug|Any CPU
		{7CB1ACCE-9199-43E9-B3C5-477A4CD06CAE}.Debug|Any CPU.Build.0 = Debug|Any CPU
		{7CB1ACCE-9199-43E9-B3C5-477A4CD06CAE}.Release|Any CPU.ActiveCfg = Release|Any CPU
		{7CB1ACCE-9199-43E9-B3C5-477A4CD06CAE}.Release|Any CPU.Build.0 = Release|Any CPU
		{45D623E5-D22A-405A-9ED9-31AA7CAED65D}.Debug|Any CPU.ActiveCfg = Debug|Any CPU
		{45D623E5-D22A-405A-9ED9-31AA7CAED65D}.Debug|Any CPU.Build.0 = Debug|Any CPU
		{45D623E5-D22A-405A-9ED9-31AA7CAED65D}.Release|Any CPU.ActiveCfg = Release|Any CPU
		{45D623E5-D22A-405A-9ED9-31AA7CAED65D}.Release|Any CPU.Build.0 = Release|Any CPU
		{70B45CDB-FF83-4036-858D-4B19E7C15929}.Debug|Any CPU.ActiveCfg = Debug|Any CPU
		{70B45CDB-FF83-4036-858D-4B19E7C15929}.Debug|Any CPU.Build.0 = Debug|Any CPU
		{70B45CDB-FF83-4036-858D-4B19E7C15929}.Release|Any CPU.ActiveCfg = Release|Any CPU
		{70B45CDB-FF83-4036-858D-4B19E7C15929}.Release|Any CPU.Build.0 = Release|Any CPU
		{21282926-E2EB-49D2-9DA7-B85B285E0D8A}.Debug|Any CPU.ActiveCfg = Debug|Any CPU
		{21282926-E2EB-49D2-9DA7-B85B285E0D8A}.Debug|Any CPU.Build.0 = Debug|Any CPU
		{21282926-E2EB-49D2-9DA7-B85B285E0D8A}.Release|Any CPU.ActiveCfg = Release|Any CPU
		{21282926-E2EB-49D2-9DA7-B85B285E0D8A}.Release|Any CPU.Build.0 = Release|Any CPU
		{CB7E2CC1-4085-4B96-8476-04209325A692}.Debug|Any CPU.ActiveCfg = Debug|Any CPU
		{CB7E2CC1-4085-4B96-8476-04209325A692}.Debug|Any CPU.Build.0 = Debug|Any CPU
		{CB7E2CC1-4085-4B96-8476-04209325A692}.Release|Any CPU.ActiveCfg = Release|Any CPU
		{CB7E2CC1-4085-4B96-8476-04209325A692}.Release|Any CPU.Build.0 = Release|Any CPU
		{A391981F-5724-4A13-ADBF-A58522A8E8D7}.Debug|Any CPU.ActiveCfg = Debug|Any CPU
		{A391981F-5724-4A13-ADBF-A58522A8E8D7}.Debug|Any CPU.Build.0 = Debug|Any CPU
		{A391981F-5724-4A13-ADBF-A58522A8E8D7}.Release|Any CPU.ActiveCfg = Release|Any CPU
		{A391981F-5724-4A13-ADBF-A58522A8E8D7}.Release|Any CPU.Build.0 = Release|Any CPU
		{44CFC7AF-EB18-435C-A594-15AF43362F1F}.Debug|Any CPU.ActiveCfg = Debug|Any CPU
		{44CFC7AF-EB18-435C-A594-15AF43362F1F}.Debug|Any CPU.Build.0 = Debug|Any CPU
		{44CFC7AF-EB18-435C-A594-15AF43362F1F}.Release|Any CPU.ActiveCfg = Release|Any CPU
		{44CFC7AF-EB18-435C-A594-15AF43362F1F}.Release|Any CPU.Build.0 = Release|Any CPU
		{A31AFBD1-260C-47B2-82B2-A399C1339041}.Debug|Any CPU.ActiveCfg = Debug|Any CPU
		{A31AFBD1-260C-47B2-82B2-A399C1339041}.Debug|Any CPU.Build.0 = Debug|Any CPU
		{A31AFBD1-260C-47B2-82B2-A399C1339041}.Release|Any CPU.ActiveCfg = Release|Any CPU
		{A31AFBD1-260C-47B2-82B2-A399C1339041}.Release|Any CPU.Build.0 = Release|Any CPU
		{1762F4E1-9DF7-4C59-A3F7-2D2FC3EA638D}.Debug|Any CPU.ActiveCfg = Debug|Any CPU
		{1762F4E1-9DF7-4C59-A3F7-2D2FC3EA638D}.Debug|Any CPU.Build.0 = Debug|Any CPU
		{1762F4E1-9DF7-4C59-A3F7-2D2FC3EA638D}.Release|Any CPU.ActiveCfg = Release|Any CPU
		{1762F4E1-9DF7-4C59-A3F7-2D2FC3EA638D}.Release|Any CPU.Build.0 = Release|Any CPU
		{65B9C5C0-F9CF-4E3E-B6BF-E9DCA6FA43D8}.Debug|Any CPU.ActiveCfg = Debug|Any CPU
		{65B9C5C0-F9CF-4E3E-B6BF-E9DCA6FA43D8}.Debug|Any CPU.Build.0 = Debug|Any CPU
		{65B9C5C0-F9CF-4E3E-B6BF-E9DCA6FA43D8}.Release|Any CPU.ActiveCfg = Release|Any CPU
		{65B9C5C0-F9CF-4E3E-B6BF-E9DCA6FA43D8}.Release|Any CPU.Build.0 = Release|Any CPU
		{5B7C6655-8012-4740-9E5A-CA8D14396B36}.Debug|Any CPU.ActiveCfg = Debug|Any CPU
		{5B7C6655-8012-4740-9E5A-CA8D14396B36}.Debug|Any CPU.Build.0 = Debug|Any CPU
		{5B7C6655-8012-4740-9E5A-CA8D14396B36}.Release|Any CPU.ActiveCfg = Release|Any CPU
		{5B7C6655-8012-4740-9E5A-CA8D14396B36}.Release|Any CPU.Build.0 = Release|Any CPU
		{BC778BFC-9720-4939-86BE-E65EBB761AFB}.Debug|Any CPU.ActiveCfg = Debug|Any CPU
		{BC778BFC-9720-4939-86BE-E65EBB761AFB}.Debug|Any CPU.Build.0 = Debug|Any CPU
		{BC778BFC-9720-4939-86BE-E65EBB761AFB}.Release|Any CPU.ActiveCfg = Release|Any CPU
		{BC778BFC-9720-4939-86BE-E65EBB761AFB}.Release|Any CPU.Build.0 = Release|Any CPU
	EndGlobalSection
	GlobalSection(SolutionProperties) = preSolution
		HideSolutionNode = FALSE
	EndGlobalSection
	GlobalSection(NestedProjects) = preSolution
		{BF98806B-5960-46C5-A9F5-03C28662683B} = {BCE4DB72-80A6-46C7-A449-823A97B74E06}
		{C9B012ED-261E-47F3-8FEE-99671CD936C0} = {BCE4DB72-80A6-46C7-A449-823A97B74E06}
		{C1F5328F-856A-4372-B1FD-598FEE6190D5} = {BCE4DB72-80A6-46C7-A449-823A97B74E06}
		{AB67BB07-563C-404B-BE1C-938D31B63236} = {76538F28-26C8-4810-A78E-8F45F2CA4F07}
		{2E96EE0F-A509-4F61-A872-CD8F4650793A} = {76538F28-26C8-4810-A78E-8F45F2CA4F07}
		{3DD4346D-0F0F-42D1-ACE7-91F59191844E} = {76538F28-26C8-4810-A78E-8F45F2CA4F07}
		{DC73389C-9A3C-4CAC-875B-08AAB85BCB73} = {7A43432F-169B-4931-8B78-11C9CB5D621C}
		{09C61C62-12FC-4DF8-AEF7-B510B653B7E2} = {7A43432F-169B-4931-8B78-11C9CB5D621C}
		{2E122A46-1F2F-4FA7-B116-C996765140AC} = {7A43432F-169B-4931-8B78-11C9CB5D621C}
		{0C026387-39FC-469E-8502-FC984A52501F} = {8ABEE6B5-0D29-4E24-9888-D7C8817CD81B}
		{3FBB6C92-0089-4FD0-8853-C6CC473BCEC2} = {8ABEE6B5-0D29-4E24-9888-D7C8817CD81B}
		{1678BE53-8809-485D-B229-8FDC6475690A} = {8ABEE6B5-0D29-4E24-9888-D7C8817CD81B}
		{8C352958-4D95-421B-A861-48ED849D34D2} = {4973D3E8-36B4-4691-BAF3-6DDE16F64D95}
		{7A131B7F-13F7-4B7B-A678-329C72CECADB} = {4973D3E8-36B4-4691-BAF3-6DDE16F64D95}
		{FEE3FB8D-CD80-4146-B8D9-BC22565AAB88} = {4973D3E8-36B4-4691-BAF3-6DDE16F64D95}
		{7CB1ACCE-9199-43E9-B3C5-477A4CD06CAE} = {EC12EBDB-4FC2-4661-8E90-9779C2429BC5}
		{45D623E5-D22A-405A-9ED9-31AA7CAED65D} = {EC12EBDB-4FC2-4661-8E90-9779C2429BC5}
		{70B45CDB-FF83-4036-858D-4B19E7C15929} = {EC12EBDB-4FC2-4661-8E90-9779C2429BC5}
		{21282926-E2EB-49D2-9DA7-B85B285E0D8A} = {0BA0ECA7-C0C9-4124-A7F8-3D678F0B01AA}
		{CB7E2CC1-4085-4B96-8476-04209325A692} = {0BA0ECA7-C0C9-4124-A7F8-3D678F0B01AA}
		{A391981F-5724-4A13-ADBF-A58522A8E8D7} = {0BA0ECA7-C0C9-4124-A7F8-3D678F0B01AA}
		{44CFC7AF-EB18-435C-A594-15AF43362F1F} = {B8759333-1961-40DA-8569-46F3228DF3B1}
		{A31AFBD1-260C-47B2-82B2-A399C1339041} = {B8759333-1961-40DA-8569-46F3228DF3B1}
		{1762F4E1-9DF7-4C59-A3F7-2D2FC3EA638D} = {B8759333-1961-40DA-8569-46F3228DF3B1}
		{65B9C5C0-F9CF-4E3E-B6BF-E9DCA6FA43D8} = {618AD568-A53A-4BA4-BC7E-5212ABD9D191}
		{5B7C6655-8012-4740-9E5A-CA8D14396B36} = {618AD568-A53A-4BA4-BC7E-5212ABD9D191}
		{BC778BFC-9720-4939-86BE-E65EBB761AFB} = {618AD568-A53A-4BA4-BC7E-5212ABD9D191}
	EndGlobalSection
	GlobalSection(ExtensibilityGlobals) = postSolution
		SolutionGuid = {CE2B5918-E967-4834-9F0E-3338FBC6E0A1}
	EndGlobalSection
EndGlobal
