
Microsoft Visual Studio Solution File, Format Version 12.00
# Visual Studio Version 16
VisualStudioVersion = 16.0.33927.289
MinimumVisualStudioVersion = 10.0.40219.1
Project("{2150E333-8FDC-42A3-9474-1A3956D46DE8}") = "Task0", "Task0", "{BCE4DB72-80A6-46C7-A449-823A97B74E06}"
EndProject
Project("{FAE04EC0-301F-11D3-BF4B-00C04F79EFBC}") = "Tyuiu.VarovaAA.Sprint6.Task0.V26.Test", "Tyuiu.VarovaAA.Sprint6.Task0.V26.Test\Tyuiu.VarovaAA.Sprint6.Task0.V26.Test.csproj", "{BF98806B-5960-46C5-A9F5-03C28662683B}"
EndProject
Project("{FAE04EC0-301F-11D3-BF4B-00C04F79EFBC}") = "Tyuiu.VarovaAA.Sprint6.Task0.V26.Lib", "Tyuiu.VarovaAA.Sprint6.Task0.V26.Lib\Tyuiu.VarovaAA.Sprint6.Task0.V26.Lib.csproj", "{C9B012ED-261E-47F3-8FEE-99671CD936C0}"
EndProject
Project("{FAE04EC0-301F-11D3-BF4B-00C04F79EFBC}") = "Tyuiu.VarovaAA.Sprint6.Task0.V26", "Tyuiu.VarovaAA.Sprint6.Task0.V26\Tyuiu.VarovaAA.Sprint6.Task0.V26.csproj", "{C1F5328F-856A-4372-B1FD-598FEE6190D5}"
EndProject
Global
	GlobalSection(SolutionConfigurationPlatforms) = preSolution
		Debug|Any CPU = Debug|Any CPU
		Release|Any CPU = Release|Any CPU
	EndGlobalSection
	GlobalSection(ProjectConfigurationPlatforms) = postSolution
		{BF98806B-5960-46C5-A9F5-03C28662683B}.Debug|Any CPU.ActiveCfg = Debug|Any CPU
		{BF98806B-5960-46C5-A9F5-03C28662683B}.Debug|Any CPU.Build.0 = Debug|Any CPU
		{BF98806B-5960-46C5-A9F5-03C28662683B}.Release|Any CPU.ActiveCfg = Release|Any CPU
		{BF98806B-5960-46C5-A9F5-03C28662683B}.Release|Any CPU.Build.0 = Release|Any CPU
		{C9B012ED-261E-47F3-8FEE-99671CD936C0}.Debug|Any CPU.ActiveCfg = Debug|Any CPU
		{C9B012ED-261E-47F3-8FEE-99671CD936C0}.Debug|Any CPU.Build.0 = Debug|Any CPU
		{C9B012ED-261E-47F3-8FEE-99671CD936C0}.Release|Any CPU.ActiveCfg = Release|Any CPU
		{C9B012ED-261E-47F3-8FEE-99671CD936C0}.Release|Any CPU.Build.0 = Release|Any CPU
		{C1F5328F-856A-4372-B1FD-598FEE6190D5}.Debug|Any CPU.ActiveCfg = Debug|Any CPU
		{C1F5328F-856A-4372-B1FD-598FEE6190D5}.Debug|Any CPU.Build.0 = Debug|Any CPU
		{C1F5328F-856A-4372-B1FD-598FEE6190D5}.Release|Any CPU.ActiveCfg = Release|Any CPU
		{C1F5328F-856A-4372-B1FD-598FEE6190D5}.Release|Any CPU.Build.0 = Release|Any CPU
	EndGlobalSection
	GlobalSection(SolutionProperties) = preSolution
		HideSolutionNode = FALSE
	EndGlobalSection
	GlobalSection(NestedProjects) = preSolution
		{BF98806B-5960-46C5-A9F5-03C28662683B} = {BCE4DB72-80A6-46C7-A449-823A97B74E06}
		{C9B012ED-261E-47F3-8FEE-99671CD936C0} = {BCE4DB72-80A6-46C7-A449-823A97B74E06}
		{C1F5328F-856A-4372-B1FD-598FEE6190D5} = {BCE4DB72-80A6-46C7-A449-823A97B74E06}
	EndGlobalSection
	GlobalSection(ExtensibilityGlobals) = postSolution
		SolutionGuid = {CE2B5918-E967-4834-9F0E-3338FBC6E0A1}
	EndGlobalSection
EndGlobal
